{
  "name": "test",
  "version": "1.0.0",
  "lockfileVersion": 1,
  "requires": true,
  "dependencies": {
    "@sentry/core": {
      "version": "5.7.1",
      "resolved": "https://registry.npmjs.org/@sentry/core/-/core-5.7.1.tgz",
      "integrity": "sha512-AOn3k3uVWh2VyajcHbV9Ta4ieDIeLckfo7UMLM+CTk2kt7C89SayDGayJMSsIrsZlL4qxBoLB9QY4W2FgAGJrg==",
      "requires": {
        "@sentry/hub": "5.7.1",
        "@sentry/minimal": "5.7.1",
        "@sentry/types": "5.7.1",
        "@sentry/utils": "5.7.1",
        "tslib": "^1.9.3"
      }
    },
    "@sentry/hub": {
      "version": "5.7.1",
      "resolved": "https://registry.npmjs.org/@sentry/hub/-/hub-5.7.1.tgz",
      "integrity": "sha512-evGh323WR073WSBCg/RkhlUmCQyzU0xzBzCZPscvcoy5hd4SsLE6t9Zin+WACHB9JFsRQIDwNDn+D+pj3yKsig==",
      "requires": {
        "@sentry/types": "5.7.1",
        "@sentry/utils": "5.7.1",
        "tslib": "^1.9.3"
      }
    },
    "@sentry/minimal": {
      "version": "5.7.1",
      "resolved": "https://registry.npmjs.org/@sentry/minimal/-/minimal-5.7.1.tgz",
      "integrity": "sha512-nS/Dg+jWAZtcxQW8wKbkkw4dYvF6uyY/vDiz/jFCaux0LX0uhgXAC9gMOJmgJ/tYBLJ64l0ca5LzpZa7BMJQ0g==",
      "requires": {
        "@sentry/hub": "5.7.1",
        "@sentry/types": "5.7.1",
        "tslib": "^1.9.3"
      }
    },
    "@sentry/node": {
      "version": "5.7.1",
      "resolved": "https://registry.npmjs.org/@sentry/node/-/node-5.7.1.tgz",
      "integrity": "sha512-hVM10asFStrOhYZzMqFM7V1lrHkr1ydc2n/SFG0ZmIQxfTjCVElyXV/BJASIdqadM1fFIvvtD/EfgkTcZmub1g==",
      "requires": {
        "@sentry/core": "5.7.1",
        "@sentry/hub": "5.7.1",
        "@sentry/types": "5.7.1",
        "@sentry/utils": "5.7.1",
        "cookie": "^0.3.1",
        "https-proxy-agent": "^3.0.0",
        "lru_map": "^0.3.3",
        "tslib": "^1.9.3"
      }
    },
    "@sentry/types": {
      "version": "5.7.1",
      "resolved": "https://registry.npmjs.org/@sentry/types/-/types-5.7.1.tgz",
      "integrity": "sha512-tbUnTYlSliXvnou5D4C8Zr+7/wJrHLbpYX1YkLXuIJRU0NSi81bHMroAuHWILcQKWhVjaV/HZzr7Y/hhWtbXVQ=="
    },
    "@sentry/utils": {
      "version": "5.7.1",
      "resolved": "https://registry.npmjs.org/@sentry/utils/-/utils-5.7.1.tgz",
      "integrity": "sha512-nhirUKj/qFLsR1i9kJ5BRvNyzdx/E2vorIsukuDrbo8e3iZ11JMgCOVrmC8Eq9YkHBqgwX4UnrPumjFyvGMZ2Q==",
      "requires": {
        "@sentry/types": "5.7.1",
        "tslib": "^1.9.3"
      }
    },
    "agent-base": {
      "version": "4.3.0",
      "resolved": "https://registry.npmjs.org/agent-base/-/agent-base-4.3.0.tgz",
      "integrity": "sha512-salcGninV0nPrwpGNn4VTXBb1SOuXQBiqbrNXoeizJsHrsL6ERFM2Ne3JUSBWRE6aeNJI2ROP/WEEIDUiDe3cg==",
      "requires": {
        "es6-promisify": "^5.0.0"
      }
    },
    "argparse": {
      "version": "1.0.10",
      "resolved": "https://registry.npmjs.org/argparse/-/argparse-1.0.10.tgz",
      "integrity": "sha512-o5Roy6tNG4SL/FOkCAN6RzjiakZS25RLYFrcMttJqbdd8BWrnA+fGz57iN5Pb06pvBGvl5gQ0B48dJlslXvoTg==",
      "requires": {
        "sprintf-js": "~1.0.2"
      }
    },
    "argv": {
      "version": "0.0.2",
      "resolved": "https://registry.npmjs.org/argv/-/argv-0.0.2.tgz",
      "integrity": "sha1-7L0W+JSbFXGDcRsb2jNPN4QBhas="
    },
    "balanced-match": {
      "version": "1.0.0",
      "resolved": "https://registry.npmjs.org/balanced-match/-/balanced-match-1.0.0.tgz",
      "integrity": "sha1-ibTRmasr7kneFk6gK4nORi1xt2c="
    },
    "brace-expansion": {
      "version": "1.1.11",
      "resolved": "https://registry.npmjs.org/brace-expansion/-/brace-expansion-1.1.11.tgz",
      "integrity": "sha512-iCuPHDFgrHX7H2vEI/5xpz07zSHB00TpugqhmYtVmMO6518mCuRMoOYFldEBl0g187ufozdaHgWKcYFb61qGiA==",
      "requires": {
        "balanced-match": "^1.0.0",
        "concat-map": "0.0.1"
      }
    },
    "codecov": {
      "version": "3.6.1",
      "resolved": "https://registry.npmjs.org/codecov/-/codecov-3.6.1.tgz",
      "integrity": "sha512-IUJB6WG47nWK7o50etF8jBadxdMw7DmoQg05yIljstXFBGB6clOZsIj6iD4P82T2YaIU3qq+FFu8K9pxgkCJDQ==",
      "requires": {
        "argv": "^0.0.2",
        "ignore-walk": "^3.0.1",
        "js-yaml": "^3.13.1",
        "teeny-request": "^3.11.3",
        "urlgrey": "^0.4.4"
      }
    },
    "concat-map": {
      "version": "0.0.1",
      "resolved": "https://registry.npmjs.org/concat-map/-/concat-map-0.0.1.tgz",
      "integrity": "sha1-2Klr13/Wjfd5OnMDajug1UBdR3s="
    },
    "cookie": {
      "version": "0.3.1",
      "resolved": "https://registry.npmjs.org/cookie/-/cookie-0.3.1.tgz",
      "integrity": "sha1-5+Ch+e9DtMi6klxcWpboBtFoc7s="
    },
    "debug": {
      "version": "3.2.6",
      "resolved": "https://registry.npmjs.org/debug/-/debug-3.2.6.tgz",
      "integrity": "sha512-mel+jf7nrtEl5Pn1Qx46zARXKDpBbvzezse7p7LqINmdoIk8PYP5SySaxEmYv6TZ0JyEKA1hsCId6DIhgITtWQ==",
      "requires": {
        "ms": "^2.1.1"
      }
    },
    "es6-promise": {
      "version": "4.2.8",
      "resolved": "https://registry.npmjs.org/es6-promise/-/es6-promise-4.2.8.tgz",
      "integrity": "sha512-HJDGx5daxeIvxdBxvG2cb9g4tEvwIk3i8+nhX0yGrYmZUzbkdg8QbDevheDB8gd0//uPj4c1EQua8Q+MViT0/w=="
    },
    "es6-promisify": {
      "version": "5.0.0",
      "resolved": "https://registry.npmjs.org/es6-promisify/-/es6-promisify-5.0.0.tgz",
      "integrity": "sha1-UQnWLz5W6pZ8S2NQWu8IKRyKUgM=",
      "requires": {
        "es6-promise": "^4.0.3"
      }
    },
    "esprima": {
      "version": "4.0.1",
      "resolved": "https://registry.npmjs.org/esprima/-/esprima-4.0.1.tgz",
      "integrity": "sha512-eGuFFw7Upda+g4p+QHvnW0RyTX/SVeJBDM/gCtMARO0cLuT2HcEKnTPvhjV6aGeqrCB/sbNop0Kszm0jsaWU4A=="
    },
    "https-proxy-agent": {
      "version": "3.0.1",
      "resolved": "https://registry.npmjs.org/https-proxy-agent/-/https-proxy-agent-3.0.1.tgz",
      "integrity": "sha512-+ML2Rbh6DAuee7d07tYGEKOEi2voWPUGan+ExdPbPW6Z3svq+JCqr0v8WmKPOkz1vOVykPCBSuobe7G8GJUtVg==",
      "requires": {
        "agent-base": "^4.3.0",
        "debug": "^3.1.0"
      }
    },
    "ignore-walk": {
      "version": "3.0.3",
      "resolved": "https://registry.npmjs.org/ignore-walk/-/ignore-walk-3.0.3.tgz",
      "integrity": "sha512-m7o6xuOaT1aqheYHKf8W6J5pYH85ZI9w077erOzLje3JsB1gkafkAhHHY19dqjulgIZHFm32Cp5uNZgcQqdJKw==",
      "requires": {
        "minimatch": "^3.0.4"
      }
    },
    "js-yaml": {
      "version": "3.13.1",
      "resolved": "https://registry.npmjs.org/js-yaml/-/js-yaml-3.13.1.tgz",
      "integrity": "sha512-YfbcO7jXDdyj0DGxYVSlSeQNHbD7XPWvrVWeVUujrQEoZzWJIRrCPoyk6kL6IAjAG2IolMK4T0hNUe0HOUs5Jw==",
      "requires": {
        "argparse": "^1.0.7",
        "esprima": "^4.0.0"
      }
    },
    "lru_map": {
      "version": "0.3.3",
      "resolved": "https://registry.npmjs.org/lru_map/-/lru_map-0.3.3.tgz",
      "integrity": "sha1-tcg1G5Rky9dQM1p5ZQoOwOVhGN0="
    },
    "minimatch": {
      "version": "3.0.4",
      "resolved": "https://registry.npmjs.org/minimatch/-/minimatch-3.0.4.tgz",
      "integrity": "sha512-yJHVQEhyqPLUTgt9B83PXu6W3rx4MvvHvSUvToogpwoGDOUQ+yDrR0HRot+yOCdCO7u4hX3pWft6kWBBcqh0UA==",
      "requires": {
        "brace-expansion": "^1.1.7"
      }
    },
    "ms": {
      "version": "2.1.2",
      "resolved": "https://registry.npmjs.org/ms/-/ms-2.1.2.tgz",
      "integrity": "sha512-sGkPx+VjMtmA6MX27oA4FBFELFCZZ4S4XqeGOXCv68tT+jb3vk/RyaKWP0PTKyWtmLSM0b+adUTEvbs1PEaH2w=="
    },
    "node-fetch": {
      "version": "2.6.0",
      "resolved": "https://registry.npmjs.org/node-fetch/-/node-fetch-2.6.0.tgz",
      "integrity": "sha512-8dG4H5ujfvFiqDmVu9fQ5bOHUC15JMjMY/Zumv26oOvvVJjM67KF8koCWIabKQ1GJIa9r2mMZscBq/TbdOcmNA=="
    },
    "sprintf-js": {
      "version": "1.0.3",
      "resolved": "https://registry.npmjs.org/sprintf-js/-/sprintf-js-1.0.3.tgz",
      "integrity": "sha1-BOaSb2YolTVPPdAVIDYzuFcpfiw="
    },
    "teeny-request": {
      "version": "3.11.3",
      "resolved": "https://registry.npmjs.org/teeny-request/-/teeny-request-3.11.3.tgz",
      "integrity": "sha512-CKncqSF7sH6p4rzCgkb/z/Pcos5efl0DmolzvlqRQUNcpRIruOhY9+T1FsIlyEbfWd7MsFpodROOwHYh2BaXzw==",
      "requires": {
        "https-proxy-agent": "^2.2.1",
        "node-fetch": "^2.2.0",
        "uuid": "^3.3.2"
      },
      "dependencies": {
        "https-proxy-agent": {
          "version": "2.2.4",
          "resolved": "https://registry.npmjs.org/https-proxy-agent/-/https-proxy-agent-2.2.4.tgz",
          "integrity": "sha512-OmvfoQ53WLjtA9HeYP9RNrWMJzzAz1JGaSFr1nijg0PVR1JaD/xbJq1mdEIIlxGpXp9eSe/O2LgU9DJmTPd0Eg==",
          "requires": {
            "agent-base": "^4.3.0",
            "debug": "^3.1.0"
          }
        }
      }
    },
    "tslib": {
      "version": "1.10.0",
      "resolved": "https://registry.npmjs.org/tslib/-/tslib-1.10.0.tgz",
      "integrity": "sha512-qOebF53frne81cf0S9B41ByenJ3/IuH8yJKngAX35CmiZySA0khhkovshKK+jGCaMnVomla7gVlIcc3EvKPbTQ=="
    },
    "urlgrey": {
      "version": "0.4.4",
      "resolved": "https://registry.npmjs.org/urlgrey/-/urlgrey-0.4.4.tgz",
      "integrity": "sha1-iS/pWWCAXoVRnxzUOJ8stMu3ZS8="
    },
    "uuid": {
      "version": "3.3.3",
      "resolved": "https://registry.npmjs.org/uuid/-/uuid-3.3.3.tgz",
      "integrity": "sha512-pW0No1RGHgzlpHJO1nsVrHKpOEIxkGg1xB+v0ZmdNH5OAeAwzAVrCnI2/6Mtx+Uys6iaylxa+D3g4j63IKKjSQ=="
    }
  }
}
